
Microsoft Visual Studio Solution File, Format Version 12.00
# Visual Studio Version 17
VisualStudioVersion = 17.5.002.0
MinimumVisualStudioVersion = 10.0.40219.1
Project("{9A19103F-16F7-4668-BE54-9A1E7A4F7556}") = "ToyApi", "ToyApi.csproj", "{F1765043-A3B3-46B1-9A4E-03295041AACD}"
EndProject
Global
	GlobalSection(SolutionConfigurationPlatforms) = preSolution
		Debug|Any CPU = Debug|Any CPU
		Release|Any CPU = Release|Any CPU
	EndGlobalSection
	GlobalSection(ProjectConfigurationPlatforms) = postSolution
		{F1765043-A3B3-46B1-9A4E-03295041AACD}.Debug|Any CPU.ActiveCfg = Debug|Any CPU
		{F1765043-A3B3-46B1-9A4E-03295041AACD}.Debug|Any CPU.Build.0 = Debug|Any CPU
		{F1765043-A3B3-46B1-9A4E-03295041AACD}.Release|Any CPU.ActiveCfg = Release|Any CPU
		{F1765043-A3B3-46B1-9A4E-03295041AACD}.Release|Any CPU.Build.0 = Release|Any CPU
	EndGlobalSection
	GlobalSection(SolutionProperties) = preSolution
		HideSolutionNode = FALSE
	EndGlobalSection
	GlobalSection(ExtensibilityGlobals) = postSolution
		SolutionGuid = {3180945A-0EDB-4AE3-832A-E3955F13E0B0}
	EndGlobalSection
EndGlobal
