
Microsoft Visual Studio Solution File, Format Version 12.00
# Visual Studio Version 17
VisualStudioVersion = 17.5.002.0
MinimumVisualStudioVersion = 10.0.40219.1
Project("{9A19103F-16F7-4668-BE54-9A1E7A4F7556}") = "Fruits", "Fruits.csproj", "{8DFCAE54-ED6D-4AE2-B759-58A0E2E97530}"
EndProject
Global
	GlobalSection(SolutionConfigurationPlatforms) = preSolution
		Debug|Any CPU = Debug|Any CPU
		Release|Any CPU = Release|Any CPU
	EndGlobalSection
	GlobalSection(ProjectConfigurationPlatforms) = postSolution
		{8DFCAE54-ED6D-4AE2-B759-58A0E2E97530}.Debug|Any CPU.ActiveCfg = Debug|Any CPU
		{8DFCAE54-ED6D-4AE2-B759-58A0E2E97530}.Debug|Any CPU.Build.0 = Debug|Any CPU
		{8DFCAE54-ED6D-4AE2-B759-58A0E2E97530}.Release|Any CPU.ActiveCfg = Release|Any CPU
		{8DFCAE54-ED6D-4AE2-B759-58A0E2E97530}.Release|Any CPU.Build.0 = Release|Any CPU
	EndGlobalSection
	GlobalSection(SolutionProperties) = preSolution
		HideSolutionNode = FALSE
	EndGlobalSection
	GlobalSection(ExtensibilityGlobals) = postSolution
		SolutionGuid = {EAF0C191-5267-43BE-9D3D-D3F1A0A2EE46}
	EndGlobalSection
EndGlobal
