
Microsoft Visual Studio Solution File, Format Version 12.00
# Visual Studio Version 17
VisualStudioVersion = 17.5.002.0
MinimumVisualStudioVersion = 10.0.40219.1
Project("{9A19103F-16F7-4668-BE54-9A1E7A4F7556}") = "productslist", "productslist.csproj", "{9D098C2C-A7D1-42D2-A38F-90DCDD03C5DA}"
EndProject
Global
	GlobalSection(SolutionConfigurationPlatforms) = preSolution
		Debug|Any CPU = Debug|Any CPU
		Release|Any CPU = Release|Any CPU
	EndGlobalSection
	GlobalSection(ProjectConfigurationPlatforms) = postSolution
		{9D098C2C-A7D1-42D2-A38F-90DCDD03C5DA}.Debug|Any CPU.ActiveCfg = Debug|Any CPU
		{9D098C2C-A7D1-42D2-A38F-90DCDD03C5DA}.Debug|Any CPU.Build.0 = Debug|Any CPU
		{9D098C2C-A7D1-42D2-A38F-90DCDD03C5DA}.Release|Any CPU.ActiveCfg = Release|Any CPU
		{9D098C2C-A7D1-42D2-A38F-90DCDD03C5DA}.Release|Any CPU.Build.0 = Release|Any CPU
	EndGlobalSection
	GlobalSection(SolutionProperties) = preSolution
		HideSolutionNode = FALSE
	EndGlobalSection
	GlobalSection(ExtensibilityGlobals) = postSolution
		SolutionGuid = {2B205450-1100-4DE8-80BD-428E710C09B6}
	EndGlobalSection
EndGlobal
