
Microsoft Visual Studio Solution File, Format Version 12.00
# Visual Studio Version 17
VisualStudioVersion = 17.5.002.0
MinimumVisualStudioVersion = 10.0.40219.1
Project("{9A19103F-16F7-4668-BE54-9A1E7A4F7556}") = "Greet", "Greet.csproj", "{7037E8CE-87E5-4250-8D68-3F761F74E7D5}"
EndProject
Global
	GlobalSection(SolutionConfigurationPlatforms) = preSolution
		Debug|Any CPU = Debug|Any CPU
		Release|Any CPU = Release|Any CPU
	EndGlobalSection
	GlobalSection(ProjectConfigurationPlatforms) = postSolution
		{7037E8CE-87E5-4250-8D68-3F761F74E7D5}.Debug|Any CPU.ActiveCfg = Debug|Any CPU
		{7037E8CE-87E5-4250-8D68-3F761F74E7D5}.Debug|Any CPU.Build.0 = Debug|Any CPU
		{7037E8CE-87E5-4250-8D68-3F761F74E7D5}.Release|Any CPU.ActiveCfg = Release|Any CPU
		{7037E8CE-87E5-4250-8D68-3F761F74E7D5}.Release|Any CPU.Build.0 = Release|Any CPU
	EndGlobalSection
	GlobalSection(SolutionProperties) = preSolution
		HideSolutionNode = FALSE
	EndGlobalSection
	GlobalSection(ExtensibilityGlobals) = postSolution
		SolutionGuid = {993DEEB4-6517-4B52-A8E1-0C985FC27D30}
	EndGlobalSection
EndGlobal
